{
  "version": "3",
  "remote": {
    "https://deno.land/std@0.211.0/assert/assert.ts": "bec068b2fccdd434c138a555b19a2c2393b71dfaada02b7d568a01541e67cdc5",
    "https://deno.land/std@0.211.0/assert/assertion_error.ts": "9f689a101ee586c4ce92f52fa7ddd362e86434ffdf1f848e45987dc7689976b8",
    "https://deno.land/std@0.211.0/async/delay.ts": "eab3187eee39ccc8cc76d411fb21fb1801250ddb1090e486d5aec2ace5403391",
    "https://deno.land/std@0.211.0/bytes/concat.ts": "9cac3b4376afbef98ff03588eb3cf948e0d1eb6c27cfe81a7651ab6dd3adc54a",
    "https://deno.land/std@0.211.0/bytes/copy.ts": "f29c03168853720dfe82eaa57793d0b9e3543ebfe5306684182f0f1e3bfd422a",
    "https://deno.land/std@0.211.0/io/buf_reader.ts": "3ee2cf0d6570ec1ede46efd5d0b0701719dc573f103a123d2cf9f4bfbc36af31",
    "https://deno.land/std@0.211.0/io/buf_writer.ts": "214134bd77bc46e4478cf74b771dfb614b9e23b313df513a34c54aa88df81584",
    "https://deno.land/std@0.214.0/assert/assert.ts": "bec068b2fccdd434c138a555b19a2c2393b71dfaada02b7d568a01541e67cdc5",
    "https://deno.land/std@0.214.0/assert/assertion_error.ts": "9f689a101ee586c4ce92f52fa7ddd362e86434ffdf1f848e45987dc7689976b8",
    "https://deno.land/std@0.214.0/encoding/_util.ts": "beacef316c1255da9bc8e95afb1fa56ed69baef919c88dc06ae6cb7a6103d376",
    "https://deno.land/std@0.214.0/encoding/hex.ts": "4d47d3b25103cf81a2ed38f54b394d39a77b63338e1eaa04b70c614cb45ec2e6",
    "https://deno.land/std@0.214.0/fmt/colors.ts": "aeaee795471b56fc62a3cb2e174ed33e91551b535f44677f6320336aabb54fbb",
    "https://deno.land/std@0.214.0/fs/exists.ts": "d2757ef764eaf5c6c5af7228e8447db2de42ab084a2dae540097f905723d83f5",
    "https://deno.land/std@0.214.0/log/base_handler.ts": "c9479234e87afaa1fbb7a52a18c3eba878e50a5a238bdd1ed8fc88ae951cb4d9",
    "https://deno.land/std@0.214.0/log/console_handler.ts": "75653acd6932fb97c7121f63336b39de3f072e329874d66f05abcb2a7f514558",
    "https://deno.land/std@0.214.0/log/file_handler.ts": "7b58c7017117ae290700b0e23f21573c1dc8ba8b5d4978d8aa0b8e05742d75e2",
    "https://deno.land/std@0.214.0/log/formatters.ts": "5491ac778cf404a9379025bef33565644eb10b6a1f8083aba2595887d49edf15",
    "https://deno.land/std@0.214.0/log/levels.ts": "3746b311bc5cd28340fe7b563002f94508ace565592e9f4730f8b07916f189a6",
    "https://deno.land/std@0.214.0/log/logger.ts": "f9110211816e27b147fd0f34639e5c7618670048aad789f5a304bd7623505ba5",
    "https://deno.land/std@0.214.0/log/mod.ts": "09365c6bb39440f1c56e1984eff6a23b92eed27deb467aafcb64e17444513737",
    "https://deno.land/std@0.214.0/log/rotating_file_handler.ts": "dc0333959ff725ac1f43b741ababa9fef074f658a60c65235d12e44952085fbe",
    "https://deno.land/std@0.69.0/_util/assert.ts": "e1f76e77c5ccb5a8e0dbbbe6cce3a56d2556c8cb5a9a8802fc9565af72462149",
    "https://deno.land/std@0.69.0/async/deferred.ts": "ac95025f46580cf5197928ba90995d87f26e202c19ad961bc4e3177310894cdc",
    "https://deno.land/std@0.69.0/async/delay.ts": "35957d585a6e3dd87706858fb1d6b551cb278271b03f52c5a2cb70e65e00c26a",
    "https://deno.land/std@0.69.0/async/mod.ts": "39f2602a005805dd1e6b9da4ee5391b14d15e8fec4fa5494a6165c599911d746",
    "https://deno.land/std@0.69.0/async/mux_async_iterator.ts": "1352b10a5cee1821a963eb8f4f05603bd7e25f8886eaf8d1888f4b416ddccdf5",
    "https://deno.land/std@0.69.0/async/pool.ts": "a499691231d8c249f044f69d204b479ad3af7f115e0b37342829eff076bc2450",
    "https://deno.land/std@0.69.0/bytes/mod.ts": "b1a149ac741728db00bda9ce1a2d044f248edd5ac95e708a6cc501bfd3adb4a7",
    "https://deno.land/std@0.69.0/datetime/formatter.ts": "a21986fb09d36164f1b1e867ea9e5bb816a907dabc768a8f0c8c44c1112f65e4",
    "https://deno.land/std@0.69.0/datetime/mod.ts": "140c93dc33a4918230685d7cc4f098da661e4870f006f05a7853c765eff041ff",
    "https://deno.land/std@0.69.0/datetime/tokenizer.ts": "175c06fcf866ada3cbf61b4c387b8f17dd9b22befbf299772dda1a4d53cfc22b",
    "https://deno.land/std@0.69.0/encoding/utf8.ts": "8654fa820aa69a37ec5eb11908e20b39d056c9bf1c23ab294303ff467f3d50a1",
    "https://deno.land/std@0.69.0/http/_io.ts": "a6108623563611e901b1128ca91aca02982af552aa7c4f39f2240cf6e6cd9ac7",
    "https://deno.land/std@0.69.0/http/cookie.ts": "0d141ef4ff05a53602bfd06839f4a674a0dce170dc80619d67736984c8b57830",
    "https://deno.land/std@0.69.0/http/http_status.ts": "0ecc0799a208f49452023b1b927106ba5a2c13cc6cf6666345db028239d554ab",
    "https://deno.land/std@0.69.0/http/mod.ts": "7f2ddc904c7951757228709a2f72c5b3960dee3e81f552f21d382edfdd2a1165",
    "https://deno.land/std@0.69.0/http/server.ts": "9f39d814950c741e0dcf0dfb9a046515f5fb342a62fbc28607c44ac5692e8a7e",
    "https://deno.land/std@0.69.0/io/bufio.ts": "e76c5b7bf978a638aae6f62b87efde3ab7203b85902ce9b84ac8388c8c2bb104",
    "https://deno.land/std@0.69.0/textproto/mod.ts": "ebd84342f62216af1850279d32581c51d0958e36d477c6c26c961987e6240356",
    "https://deno.land/x/async@v2.1.0/barrier.ts": "6a5ce735fffbe87a354e36875f2dda94ff23d55bf6eafc16b66d0e8ec49ff773",
    "https://deno.land/x/async@v2.1.0/lock.ts": "276c97fb7e9e64632bdbb1ab37f82c70eec1bdefde048faa671201ac55023687",
    "https://deno.land/x/async@v2.1.0/mod.ts": "7d42b09f82ad96ef40fe71c0d1142233fb713f203ea23ddfc2b71601f2a9bbda",
    "https://deno.land/x/async@v2.1.0/mutex.ts": "782792457021425da571b8f30d6c62f7dc1cdf83d7299257343d57cac7357e27",
    "https://deno.land/x/async@v2.1.0/notify.ts": "8b4150ca1063586084825a34e997b845ccbe5014aed69327489e1fc89569ec0e",
    "https://deno.land/x/async@v2.1.0/queue.ts": "8ef2e16aa4e257b4104b20adb945273b153a433dc0bdf0d6cc34af92f22735a5",
    "https://deno.land/x/async@v2.1.0/rw_lock.ts": "faa5f74729237d2308eb491f8e4fa2c14010bff17d7ace6f7955bf6a165a9f63",
    "https://deno.land/x/async@v2.1.0/semaphore.ts": "dd2ecbb3441bd59ada4494f327cb9caa143a8ad699df5f10054057404db8e733",
    "https://deno.land/x/async@v2.1.0/stack.ts": "5336e0321f9a7c5134fd4fcac1077f09a51487b4197159f28b38a64b1f8f97a9",
    "https://deno.land/x/async@v2.1.0/state.ts": "a71692b72371239120b196d0c6a249631bab867dd499e85c422c2e5ec9695999",
    "https://deno.land/x/async@v2.1.0/testutil.ts": "5ba512c6f14b7b319f320e149970ca8944115a35f4312b697ae427250d27fb6d",
    "https://deno.land/x/async@v2.1.0/wait_group.ts": "e1b4f7f1210c9e8c65d3ee1d8cab8155b33327d3daba79b124ebb54b5ee6d15e",
    "https://deno.land/x/http_errors@3.0.0/deps.ts": "7fcd181f9577e1803297e42cdb58ce219d9c7087391b1e9ccc12537e23b9d68c",
    "https://deno.land/x/http_errors@3.0.0/mod.ts": "6549778cb6616cd16884dd1f46b28211fc8ac33f9d7141e92a8eaffb48391bc1",
    "https://deno.land/x/redis@v0.32.1/backoff.ts": "33e4a6e245f8743fbae0ce583993a671a3ac2ecee433a3e7f0bd77b5dd541d84",
    "https://deno.land/x/redis@v0.32.1/command.ts": "aa2312d4093ec7c72d61d32a71d3d13a33cc6302ca78c8f026e1994e76541e6e",
    "https://deno.land/x/redis@v0.32.1/connection.ts": "45a3328ca49c021c9192c48510dba9808b29de4d8e65e424d7a6a1e2d782fd74",
    "https://deno.land/x/redis@v0.32.1/errors.ts": "4c47b278c8a87e0f49c0f7a96c74c5bee09e4d5ea19f892923b0281707112d04",
    "https://deno.land/x/redis@v0.32.1/executor.ts": "5ac4c1f7bec44d12ebc0f3702bf074bd3ba6c1aae74953582f6358d2948718e7",
    "https://deno.land/x/redis@v0.32.1/internal/encoding.ts": "0525f7f444a96b92cd36423abdfe221f8d8de4a018dc5cb6750a428a5fc897c2",
    "https://deno.land/x/redis@v0.32.1/internal/symbols.ts": "e36097bab1da1c9fe84a3bb9cb0ed1ec10c3dc7dd0b557769c5c54e15d110dd2",
    "https://deno.land/x/redis@v0.32.1/mod.ts": "a2a2318e67db704c799a13cc840114b9f344a82cf682c933a293e90b1a02b3fa",
    "https://deno.land/x/redis@v0.32.1/pipeline.ts": "f0ec80f58a88e9b9b157155882c2bb3568890e6b4d67ad99760a6fc2c51b47ba",
    "https://deno.land/x/redis@v0.32.1/protocol/deno_streams/command.ts": "8e1e84f6d94637d8814abfac91de0916e97c6ea7d2ccab9ea9e3c9f2de283602",
    "https://deno.land/x/redis@v0.32.1/protocol/deno_streams/mod.ts": "346d473bd4e834e397ca25bbbf1021f44e577adda8d6391a41bd03b7bc8c72f4",
    "https://deno.land/x/redis@v0.32.1/protocol/deno_streams/reply.ts": "2707e9fe18608c1a9a49b4f0094397c7400141b8208170c7bcb128ceb5ddd790",
    "https://deno.land/x/redis@v0.32.1/protocol/shared/command.ts": "71639adc162dac95fa41d701a7112bcd5d5cf3fd22c1307c8840f983628540be",
    "https://deno.land/x/redis@v0.32.1/protocol/shared/protocol.ts": "5b9284ee28ec74dfc723c7c7f07dca8d5f9d303414f36689503622dfdde12551",
    "https://deno.land/x/redis@v0.32.1/protocol/shared/reply.ts": "3311ff66357bacbd60785cb43b97539c341d8a7d963bc5e80cb864ac81909ea5",
    "https://deno.land/x/redis@v0.32.1/protocol/shared/types.ts": "3d1ff5983abc1e4e56c751aaf4672042c87334cd004ce2fc0493575432151e1f",
    "https://deno.land/x/redis@v0.32.1/pubsub.ts": "a36892455b0a4a50af169332a165b0985cc90d84486087f036e507e3137b2afb",
    "https://deno.land/x/redis@v0.32.1/redis.ts": "6ec7be95f64174078279518afff0535d04d7f96d90da36f2e9a9ab9f388cbaa1",
    "https://deno.land/x/redis@v0.32.1/stream.ts": "73b286174d4a02006720c9e2d193754d10e041e8e1450188e32f203a188bbecb",
    "https://deno.land/x/redis@v0.32.1/vendor/https/deno.land/std/async/delay.ts": "7315c16b92e21d527d1acc7cced18c09d081c8a1efa2a993f7c039cf21ad1d54",
    "https://deno.land/x/redis@v0.32.1/vendor/https/deno.land/std/bytes/concat.ts": "de0d17d9c07f9f87c353ce9df27ef5d7409d0ededf0885f50646336788920dbd",
    "https://deno.land/x/redis@v0.32.1/vendor/https/deno.land/std/io/buf_reader.ts": "6529a1668e0054cb788e8a01d8c704c01e013698c6cd5bb141a35a2971cc9fe1",
    "https://deno.land/x/redis@v0.32.1/vendor/https/deno.land/std/io/buf_writer.ts": "0dbd95b759fe47e53f99a4945e66673af581ebccfebd2ab4c764c3b09d10ea51",
    "https://deno.land/x/ttl@1.0.1/mod.ts": "f108e3c1da8233c36d0c49b7f44c964cdf59175da335c04f187a7a5cf07980aa"
  }
}
